
Microsoft Visual Studio Solution File, Format Version 12.00
# Visual Studio 15
VisualStudioVersion = 15.0.28010.2048
MinimumVisualStudioVersion = 10.0.40219.1
Project("{FAE04EC0-301F-11D3-BF4B-00C04F79EFBC}") = "Durchschnitt berechnen", "Durchschnitt berechnen\Durchschnitt berechnen.csproj", "{C00A3A8B-2993-403E-8420-1F5EEF124638}"
EndProject
Global
	GlobalSection(SolutionConfigurationPlatforms) = preSolution
		Debug|Any CPU = Debug|Any CPU
		Release|Any CPU = Release|Any CPU
	EndGlobalSection
	GlobalSection(ProjectConfigurationPlatforms) = postSolution
		{C00A3A8B-2993-403E-8420-1F5EEF124638}.Debug|Any CPU.ActiveCfg = Debug|Any CPU
		{C00A3A8B-2993-403E-8420-1F5EEF124638}.Debug|Any CPU.Build.0 = Debug|Any CPU
		{C00A3A8B-2993-403E-8420-1F5EEF124638}.Release|Any CPU.ActiveCfg = Release|Any CPU
		{C00A3A8B-2993-403E-8420-1F5EEF124638}.Release|Any CPU.Build.0 = Release|Any CPU
	EndGlobalSection
	GlobalSection(SolutionProperties) = preSolution
		HideSolutionNode = FALSE
	EndGlobalSection
	GlobalSection(ExtensibilityGlobals) = postSolution
		SolutionGuid = {EB390C0B-8A97-4A99-801F-259B79E86B0D}
	EndGlobalSection
EndGlobal
